<?xml version="1.0" encoding="utf-8"?>
<Project ToolsVersion="4.0" xmlns="http://schemas.microsoft.com/developer/msbuild/2003">
  <ItemGroup>
    <ClCompile Include="Debug.cpp">
      <Filter>Source Files</Filter>
    </ClCompile>
    <ClCompile Include="DriverEntry.cpp">
      <Filter>Source Files</Filter>
    </ClCompile>
    <ClCompile Include="DriverIo.cpp">
      <Filter>Source Files</Filter>
    </ClCompile>
    <ClCompile Include="IntelPt.cpp">
      <Filter>Source Files</Filter>
    </ClCompile>
    <ClCompile Include="KernelTracing.cpp">
      <Filter>Source Files</Filter>
    </ClCompile>
    <ClCompile Include="PtTests.cpp">
      <Filter>Source Files</Filter>
    </ClCompile>
    <ClCompile Include="IntelPtXSave.cpp">
      <Filter>Source Files</Filter>
    </ClCompile>
  </ItemGroup>
  <ItemGroup>
    <ClInclude Include="Debug.h">
      <Filter>Header Files</Filter>
    </ClInclude>
    <ClInclude Include="DriverEntry.h">
      <Filter>Header Files</Filter>
    </ClInclude>
    <ClInclude Include="DriverIo.h">
      <Filter>Header Files</Filter>
    </ClInclude>
    <ClInclude Include="Intel_Defs.h">
      <Filter>Header Files</Filter>
    </ClInclude>
    <ClInclude Include="IntelPt.h">
      <Filter>Header Files</Filter>
    </ClInclude>
    <ClInclude Include="resource.h">
      <Filter>Header Files</Filter>
    </ClInclude>
    <ClInclude Include="stdafx.h">
      <Filter>Header Files</Filter>
    </ClInclude>
    <ClInclude Include="KernelTracing.h">
      <Filter>Header Files</Filter>
    </ClInclude>
    <ClInclude Include="UndocNt.h">
      <Filter>Header Files</Filter>
    </ClInclude>
    <ClInclude Include="IntelPtXSave.h">
      <Filter>Header Files</Filter>
    </ClInclude>
  </ItemGroup>
  <ItemGroup>
    <Filter Include="Source Files">
      <UniqueIdentifier>{0a59f678-349f-4b75-b196-ac6e6f051185}</UniqueIdentifier>
    </Filter>
    <Filter Include="Header Files">
      <UniqueIdentifier>{cc981622-83ff-4000-be86-2e79af42be21}</UniqueIdentifier>
    </Filter>
    <Filter Include="Resources">
      <UniqueIdentifier>{4b959927-b2e1-4594-8fff-e51a0d8bfc8a}</UniqueIdentifier>
    </Filter>
    <Filter Include="Assembly Files">
      <UniqueIdentifier>{0d7a4089-f791-4f8d-b924-3adb4c817f29}</UniqueIdentifier>
    </Filter>
  </ItemGroup>
  <ItemGroup>
    <None Include="readme.md" />
    <None Include="Export.def" />
  </ItemGroup>
  <ItemGroup>
    <ResourceCompile Include="WindowsIntelPtDriver.rc">
      <Filter>Resources</Filter>
    </ResourceCompile>
  </ItemGroup>
  <ItemGroup>
    <MASM Include="asm\Amd64XSave.asm">
      <Filter>Assembly Files</Filter>
    </MASM>
  </ItemGroup>
</Project>